# This file is automatically @generated by Cargo.
# It is not intended for manual editing.
version = 3

[[package]]
name = "loom-core"
version = "0.1.0-alpha.1"

[[package]]
name = "loom-shadow"
version = "0.1.0-alpha.1"

[[package]]
name = "meridian-loom"
version = "0.1.0-alpha.1"
dependencies = [
 "loom-core",
 "loom-shadow",
]
